
Microsoft Visual Studio Solution File, Format Version 12.00
# Visual Studio Version 16
VisualStudioVersion = 16.0.30621.155
MinimumVisualStudioVersion = 10.0.40219.1
Project("{FAE04EC0-301F-11D3-BF4B-00C04F79EFBC}") = "MERP.App", "MERP.App.csproj", "{C8AA2C76-793B-4E8D-A54E-6E1BB94C0807}"
EndProject
Project("{FAE04EC0-301F-11D3-BF4B-00C04F79EFBC}") = "MERP.Models", "..\MERP.Models\MERP.Models.csproj", "{41772C05-FC5D-4A5D-BD50-D1586A649A2C}"
EndProject
Project("{FAE04EC0-301F-11D3-BF4B-00C04F79EFBC}") = "MERP.DataAccess", "..\MERP.DataAccess\MERP.DataAccess.csproj", "{2FA5E752-E468-43F8-9B0E-93B990EDAC71}"
EndProject
Project("{FAE04EC0-301F-11D3-BF4B-00C04F79EFBC}") = "MERP.Engine", "..\MERP.Engine\MERP.Engine.csproj", "{53D9E843-7645-4617-9987-FC4F417C79C4}"
EndProject
Project("{FAE04EC0-301F-11D3-BF4B-00C04F79EFBC}") = "MERP.Reports", "..\MERP.Reports\MERP.Reports.csproj", "{905AFEDF-7660-40AE-9039-FD7CB2A3FB31}"
EndProject
Project("{FAE04EC0-301F-11D3-BF4B-00C04F79EFBC}") = "MERP.Services", "..\MERP.Services\MERP.Services.csproj", "{5AFBDDA6-1F12-4932-8CB8-7EBE815607DF}"
EndProject
Global
	GlobalSection(SolutionConfigurationPlatforms) = preSolution
		Debug|Any CPU = Debug|Any CPU
		Release|Any CPU = Release|Any CPU
	EndGlobalSection
	GlobalSection(ProjectConfigurationPlatforms) = postSolution
		{C8AA2C76-793B-4E8D-A54E-6E1BB94C0807}.Debug|Any CPU.ActiveCfg = Debug|Any CPU
		{C8AA2C76-793B-4E8D-A54E-6E1BB94C0807}.Debug|Any CPU.Build.0 = Debug|Any CPU
		{C8AA2C76-793B-4E8D-A54E-6E1BB94C0807}.Release|Any CPU.ActiveCfg = Release|Any CPU
		{C8AA2C76-793B-4E8D-A54E-6E1BB94C0807}.Release|Any CPU.Build.0 = Release|Any CPU
		{41772C05-FC5D-4A5D-BD50-D1586A649A2C}.Debug|Any CPU.ActiveCfg = Debug|Any CPU
		{41772C05-FC5D-4A5D-BD50-D1586A649A2C}.Debug|Any CPU.Build.0 = Debug|Any CPU
		{41772C05-FC5D-4A5D-BD50-D1586A649A2C}.Release|Any CPU.ActiveCfg = Release|Any CPU
		{41772C05-FC5D-4A5D-BD50-D1586A649A2C}.Release|Any CPU.Build.0 = Release|Any CPU
		{2FA5E752-E468-43F8-9B0E-93B990EDAC71}.Debug|Any CPU.ActiveCfg = Debug|Any CPU
		{2FA5E752-E468-43F8-9B0E-93B990EDAC71}.Debug|Any CPU.Build.0 = Debug|Any CPU
		{2FA5E752-E468-43F8-9B0E-93B990EDAC71}.Release|Any CPU.ActiveCfg = Release|Any CPU
		{2FA5E752-E468-43F8-9B0E-93B990EDAC71}.Release|Any CPU.Build.0 = Release|Any CPU
		{53D9E843-7645-4617-9987-FC4F417C79C4}.Debug|Any CPU.ActiveCfg = Debug|Any CPU
		{53D9E843-7645-4617-9987-FC4F417C79C4}.Debug|Any CPU.Build.0 = Debug|Any CPU
		{53D9E843-7645-4617-9987-FC4F417C79C4}.Release|Any CPU.ActiveCfg = Release|Any CPU
		{53D9E843-7645-4617-9987-FC4F417C79C4}.Release|Any CPU.Build.0 = Release|Any CPU
		{905AFEDF-7660-40AE-9039-FD7CB2A3FB31}.Debug|Any CPU.ActiveCfg = Debug|Any CPU
		{905AFEDF-7660-40AE-9039-FD7CB2A3FB31}.Debug|Any CPU.Build.0 = Debug|Any CPU
		{905AFEDF-7660-40AE-9039-FD7CB2A3FB31}.Release|Any CPU.ActiveCfg = Release|Any CPU
		{905AFEDF-7660-40AE-9039-FD7CB2A3FB31}.Release|Any CPU.Build.0 = Release|Any CPU
		{5AFBDDA6-1F12-4932-8CB8-7EBE815607DF}.Debug|Any CPU.ActiveCfg = Debug|Any CPU
		{5AFBDDA6-1F12-4932-8CB8-7EBE815607DF}.Debug|Any CPU.Build.0 = Debug|Any CPU
		{5AFBDDA6-1F12-4932-8CB8-7EBE815607DF}.Release|Any CPU.ActiveCfg = Release|Any CPU
		{5AFBDDA6-1F12-4932-8CB8-7EBE815607DF}.Release|Any CPU.Build.0 = Release|Any CPU
	EndGlobalSection
	GlobalSection(SolutionProperties) = preSolution
		HideSolutionNode = FALSE
	EndGlobalSection
	GlobalSection(ExtensibilityGlobals) = postSolution
		SolutionGuid = {B5CDE3D2-EE41-4F83-9279-68E4C6028046}
	EndGlobalSection
EndGlobal
